
Microsoft Visual Studio Solution File, Format Version 12.00
# Visual Studio 14
VisualStudioVersion = 14.0.25420.1
MinimumVisualStudioVersion = 10.0.40219.1
Project("{FAE04EC0-301F-11D3-BF4B-00C04F79EFBC}") = "28August", "28August\28August.csproj", "{135539D4-662A-4D37-915C-886D6BD85CCB}"
EndProject
Project("{FAE04EC0-301F-11D3-BF4B-00C04F79EFBC}") = "Firma", "Firma\Firma.csproj", "{91C063E8-DD1A-4624-AE5D-CBC54815C402}"
EndProject
Project("{FAE04EC0-301F-11D3-BF4B-00C04F79EFBC}") = "HotelRoom", "HotelRoom\HotelRoom.csproj", "{EEC25372-F25E-41A8-B4BA-20B877D33767}"
EndProject
Project("{FAE04EC0-301F-11D3-BF4B-00C04F79EFBC}") = "Hospital", "Hospital\Hospital.csproj", "{2DBF8531-2029-44A1-B6DB-5E7DD8B05EC0}"
EndProject
Global
	GlobalSection(SolutionConfigurationPlatforms) = preSolution
		Debug|Any CPU = Debug|Any CPU
		Release|Any CPU = Release|Any CPU
	EndGlobalSection
	GlobalSection(ProjectConfigurationPlatforms) = postSolution
		{135539D4-662A-4D37-915C-886D6BD85CCB}.Debug|Any CPU.ActiveCfg = Debug|Any CPU
		{135539D4-662A-4D37-915C-886D6BD85CCB}.Debug|Any CPU.Build.0 = Debug|Any CPU
		{135539D4-662A-4D37-915C-886D6BD85CCB}.Release|Any CPU.ActiveCfg = Release|Any CPU
		{135539D4-662A-4D37-915C-886D6BD85CCB}.Release|Any CPU.Build.0 = Release|Any CPU
		{91C063E8-DD1A-4624-AE5D-CBC54815C402}.Debug|Any CPU.ActiveCfg = Debug|Any CPU
		{91C063E8-DD1A-4624-AE5D-CBC54815C402}.Debug|Any CPU.Build.0 = Debug|Any CPU
		{91C063E8-DD1A-4624-AE5D-CBC54815C402}.Release|Any CPU.ActiveCfg = Release|Any CPU
		{91C063E8-DD1A-4624-AE5D-CBC54815C402}.Release|Any CPU.Build.0 = Release|Any CPU
		{EEC25372-F25E-41A8-B4BA-20B877D33767}.Debug|Any CPU.ActiveCfg = Debug|Any CPU
		{EEC25372-F25E-41A8-B4BA-20B877D33767}.Debug|Any CPU.Build.0 = Debug|Any CPU
		{EEC25372-F25E-41A8-B4BA-20B877D33767}.Release|Any CPU.ActiveCfg = Release|Any CPU
		{EEC25372-F25E-41A8-B4BA-20B877D33767}.Release|Any CPU.Build.0 = Release|Any CPU
		{2DBF8531-2029-44A1-B6DB-5E7DD8B05EC0}.Debug|Any CPU.ActiveCfg = Debug|Any CPU
		{2DBF8531-2029-44A1-B6DB-5E7DD8B05EC0}.Debug|Any CPU.Build.0 = Debug|Any CPU
		{2DBF8531-2029-44A1-B6DB-5E7DD8B05EC0}.Release|Any CPU.ActiveCfg = Release|Any CPU
		{2DBF8531-2029-44A1-B6DB-5E7DD8B05EC0}.Release|Any CPU.Build.0 = Release|Any CPU
	EndGlobalSection
	GlobalSection(SolutionProperties) = preSolution
		HideSolutionNode = FALSE
	EndGlobalSection
EndGlobal
